
Microsoft Visual Studio Solution File, Format Version 12.00
# Visual Studio Version 17
VisualStudioVersion = 17.4.33205.214
MinimumVisualStudioVersion = 10.0.40219.1
Project("{FAE04EC0-301F-11D3-BF4B-00C04F79EFBC}") = "BarcodeReaderPicker.TestApplication", "BarcodeReaderPicker.TestApplication\BarcodeReaderPicker.TestApplication.csproj", "{B22A6560-9BFD-4E54-AF64-45E0F500649F}"
	ProjectSection(ProjectDependencies) = postProject
		{08332BEE-A61D-4BF1-AFA8-D1A00AB192FC} = {08332BEE-A61D-4BF1-AFA8-D1A00AB192FC}
		{10224167-54FA-4BE7-A1D1-8C6987E7C544} = {10224167-54FA-4BE7-A1D1-8C6987E7C544}
		{4D8FB322-DEBB-48F5-9373-B4CF8625115E} = {4D8FB322-DEBB-48F5-9373-B4CF8625115E}
		{889C3EDB-7F26-4B9D-885A-B6C59B84D5C2} = {889C3EDB-7F26-4B9D-885A-B6C59B84D5C2}
		{BA9615DA-C350-4BA9-B74F-DEFB14344041} = {BA9615DA-C350-4BA9-B74F-DEFB14344041}
	EndProjectSection
EndProject
Project("{FAE04EC0-301F-11D3-BF4B-00C04F79EFBC}") = "BarcodeReaderPicker", "BarcodeReaderPicker\BarcodeReaderPicker.csproj", "{D0E30B26-3BD5-4C7D-B059-AD60B220CC16}"
EndProject
Project("{FAE04EC0-301F-11D3-BF4B-00C04F79EFBC}") = "BarcodeReaderPicker.EzBarcodeAdaptor", "BarcodeReaderPicker.EzBarcodeAdaptor\BarcodeReaderPicker.EzBarcodeAdaptor.csproj", "{08332BEE-A61D-4BF1-AFA8-D1A00AB192FC}"
EndProject
Project("{FAE04EC0-301F-11D3-BF4B-00C04F79EFBC}") = "BarcodeReaderPicker.BarcodeLibAdaptor", "BarcodeReaderPicker.BarcodeLibAdaptor\BarcodeReaderPicker.BarcodeLibAdaptor.csproj", "{10224167-54FA-4BE7-A1D1-8C6987E7C544}"
EndProject
Project("{FAE04EC0-301F-11D3-BF4B-00C04F79EFBC}") = "BarcodeReaderPicker.Dynamsoft5Adaptor", "BarcodeReaderPicker.Dynamsoft5Adaptor\BarcodeReaderPicker.Dynamsoft5Adaptor.csproj", "{56E8F607-29D4-4E00-B54B-781DFD3F3D73}"
EndProject
Project("{FAE04EC0-301F-11D3-BF4B-00C04F79EFBC}") = "BarcodeReaderPicker.Dynamsoft6Adaptor", "BarcodeReaderPicker.Dynamsoft6Adaptor\BarcodeReaderPicker.Dynamsoft6Adaptor.csproj", "{2EE3EFE9-6D86-4649-92C0-F28773F3002F}"
EndProject
Project("{FAE04EC0-301F-11D3-BF4B-00C04F79EFBC}") = "BarcodeReaderPicker.Dynamsoft7Adaptor", "BarcodeReaderPicker.Dynamsoft7Adaptor\BarcodeReaderPicker.Dynamsoft7Adaptor.csproj", "{7B241B6E-C40B-4144-AE93-156A10490ED8}"
EndProject
Project("{FAE04EC0-301F-11D3-BF4B-00C04F79EFBC}") = "BarcodeReaderPicker.IronBarcodeAdaptor", "BarcodeReaderPicker.IronBarcodeAdaptor\BarcodeReaderPicker.IronBarcodeAdaptor.csproj", "{BA9615DA-C350-4BA9-B74F-DEFB14344041}"
EndProject
Project("{FAE04EC0-301F-11D3-BF4B-00C04F79EFBC}") = "BarcodeReaderPicker.ZXingAdaptor", "BarcodeReaderPicker.ZXingAdaptor\BarcodeReaderPicker.ZXingAdaptor.csproj", "{889C3EDB-7F26-4B9D-885A-B6C59B84D5C2}"
EndProject
Project("{FAE04EC0-301F-11D3-BF4B-00C04F79EFBC}") = "BarcodeReaderPicker.OnBarcodeAdaptor", "BarcodeReaderPicker.OnBarcodeAdaptor\BarcodeReaderPicker.OnBarcodeAdaptor.csproj", "{4D8FB322-DEBB-48F5-9373-B4CF8625115E}"
EndProject
Global
	GlobalSection(SolutionConfigurationPlatforms) = preSolution
		Debug|Any CPU = Debug|Any CPU
		Release|Any CPU = Release|Any CPU
	EndGlobalSection
	GlobalSection(ProjectConfigurationPlatforms) = postSolution
		{B22A6560-9BFD-4E54-AF64-45E0F500649F}.Debug|Any CPU.ActiveCfg = Debug|Any CPU
		{B22A6560-9BFD-4E54-AF64-45E0F500649F}.Debug|Any CPU.Build.0 = Debug|Any CPU
		{B22A6560-9BFD-4E54-AF64-45E0F500649F}.Release|Any CPU.ActiveCfg = Release|Any CPU
		{B22A6560-9BFD-4E54-AF64-45E0F500649F}.Release|Any CPU.Build.0 = Release|Any CPU
		{D0E30B26-3BD5-4C7D-B059-AD60B220CC16}.Debug|Any CPU.ActiveCfg = Debug|Any CPU
		{D0E30B26-3BD5-4C7D-B059-AD60B220CC16}.Debug|Any CPU.Build.0 = Debug|Any CPU
		{D0E30B26-3BD5-4C7D-B059-AD60B220CC16}.Release|Any CPU.ActiveCfg = Release|Any CPU
		{D0E30B26-3BD5-4C7D-B059-AD60B220CC16}.Release|Any CPU.Build.0 = Release|Any CPU
		{08332BEE-A61D-4BF1-AFA8-D1A00AB192FC}.Debug|Any CPU.ActiveCfg = Debug|Any CPU
		{08332BEE-A61D-4BF1-AFA8-D1A00AB192FC}.Debug|Any CPU.Build.0 = Debug|Any CPU
		{08332BEE-A61D-4BF1-AFA8-D1A00AB192FC}.Release|Any CPU.ActiveCfg = Release|Any CPU
		{08332BEE-A61D-4BF1-AFA8-D1A00AB192FC}.Release|Any CPU.Build.0 = Release|Any CPU
		{10224167-54FA-4BE7-A1D1-8C6987E7C544}.Debug|Any CPU.ActiveCfg = Debug|Any CPU
		{10224167-54FA-4BE7-A1D1-8C6987E7C544}.Debug|Any CPU.Build.0 = Debug|Any CPU
		{10224167-54FA-4BE7-A1D1-8C6987E7C544}.Release|Any CPU.ActiveCfg = Release|Any CPU
		{10224167-54FA-4BE7-A1D1-8C6987E7C544}.Release|Any CPU.Build.0 = Release|Any CPU
		{56E8F607-29D4-4E00-B54B-781DFD3F3D73}.Debug|Any CPU.ActiveCfg = Debug|Any CPU
		{56E8F607-29D4-4E00-B54B-781DFD3F3D73}.Debug|Any CPU.Build.0 = Debug|Any CPU
		{56E8F607-29D4-4E00-B54B-781DFD3F3D73}.Release|Any CPU.ActiveCfg = Release|Any CPU
		{56E8F607-29D4-4E00-B54B-781DFD3F3D73}.Release|Any CPU.Build.0 = Release|Any CPU
		{2EE3EFE9-6D86-4649-92C0-F28773F3002F}.Debug|Any CPU.ActiveCfg = Debug|Any CPU
		{2EE3EFE9-6D86-4649-92C0-F28773F3002F}.Debug|Any CPU.Build.0 = Debug|Any CPU
		{2EE3EFE9-6D86-4649-92C0-F28773F3002F}.Release|Any CPU.ActiveCfg = Release|Any CPU
		{2EE3EFE9-6D86-4649-92C0-F28773F3002F}.Release|Any CPU.Build.0 = Release|Any CPU
		{7B241B6E-C40B-4144-AE93-156A10490ED8}.Debug|Any CPU.ActiveCfg = Debug|Any CPU
		{7B241B6E-C40B-4144-AE93-156A10490ED8}.Debug|Any CPU.Build.0 = Debug|Any CPU
		{7B241B6E-C40B-4144-AE93-156A10490ED8}.Release|Any CPU.ActiveCfg = Release|Any CPU
		{7B241B6E-C40B-4144-AE93-156A10490ED8}.Release|Any CPU.Build.0 = Release|Any CPU
		{BA9615DA-C350-4BA9-B74F-DEFB14344041}.Debug|Any CPU.ActiveCfg = Debug|Any CPU
		{BA9615DA-C350-4BA9-B74F-DEFB14344041}.Debug|Any CPU.Build.0 = Debug|Any CPU
		{BA9615DA-C350-4BA9-B74F-DEFB14344041}.Release|Any CPU.ActiveCfg = Release|Any CPU
		{BA9615DA-C350-4BA9-B74F-DEFB14344041}.Release|Any CPU.Build.0 = Release|Any CPU
		{889C3EDB-7F26-4B9D-885A-B6C59B84D5C2}.Debug|Any CPU.ActiveCfg = Debug|Any CPU
		{889C3EDB-7F26-4B9D-885A-B6C59B84D5C2}.Debug|Any CPU.Build.0 = Debug|Any CPU
		{889C3EDB-7F26-4B9D-885A-B6C59B84D5C2}.Release|Any CPU.ActiveCfg = Release|Any CPU
		{889C3EDB-7F26-4B9D-885A-B6C59B84D5C2}.Release|Any CPU.Build.0 = Release|Any CPU
		{4D8FB322-DEBB-48F5-9373-B4CF8625115E}.Debug|Any CPU.ActiveCfg = Debug|Any CPU
		{4D8FB322-DEBB-48F5-9373-B4CF8625115E}.Debug|Any CPU.Build.0 = Debug|Any CPU
		{4D8FB322-DEBB-48F5-9373-B4CF8625115E}.Release|Any CPU.ActiveCfg = Release|Any CPU
		{4D8FB322-DEBB-48F5-9373-B4CF8625115E}.Release|Any CPU.Build.0 = Release|Any CPU
	EndGlobalSection
	GlobalSection(SolutionProperties) = preSolution
		HideSolutionNode = FALSE
	EndGlobalSection
	GlobalSection(ExtensibilityGlobals) = postSolution
		SolutionGuid = {26A8EBD3-2B8F-4AE4-9748-02F5AB95D4CD}
	EndGlobalSection
EndGlobal
